// !$*UTF8*$!
{
	archiveVersion = 1;
	classes = {
	};
	objectVersion = 77;
	objects = {

/* Begin PBXBuildFile section */
		FC70255D2F4E0A1E00B933C2 /* FocusPulse Watch App.app in Embed Watch Content */ = {isa = PBXBuildFile; fileRef = FC70255C2F4E0A1E00B933C2 /* FocusPulse Watch App.app */; settings = {ATTRIBUTES = (RemoveHeadersOnCopy, ); }; };
		FC70258C2F4E0D7100B933C2 /* WidgetKit.framework in Frameworks */ = {isa = PBXBuildFile; fileRef = FC70258B2F4E0D7100B933C2 /* WidgetKit.framework */; };
		FC70258E2F4E0D7100B933C2 /* SwiftUI.framework in Frameworks */ = {isa = PBXBuildFile; fileRef = FC70258D2F4E0D7100B933C2 /* SwiftUI.framework */; };
		FC70259D2F4E0D7300B933C2 /* FocusPulseComplicationExtension.appex in Embed Foundation Extensions */ = {isa = PBXBuildFile; fileRef = FC7025892F4E0D7100B933C2 /* FocusPulseComplicationExtension.appex */; settings = {ATTRIBUTES = (RemoveHeadersOnCopy, ); }; };
/* End PBXBuildFile section */

/* Begin PBXContainerItemProxy section */
		FC70255E2F4E0A1E00B933C2 /* PBXContainerItemProxy */ = {
			isa = PBXContainerItemProxy;
			containerPortal = FC7025502F4E0A1E00B933C2 /* Project object */;
			proxyType = 1;
			remoteGlobalIDString = FC70255B2F4E0A1E00B933C2;
			remoteInfo = "FocusPulse Watch App";
		};
		FC70259B2F4E0D7300B933C2 /* PBXContainerItemProxy */ = {
			isa = PBXContainerItemProxy;
			containerPortal = FC7025502F4E0A1E00B933C2 /* Project object */;
			proxyType = 1;
			remoteGlobalIDString = FC7025882F4E0D7100B933C2;
			remoteInfo = FocusPulseComplicationExtension;
		};
/* End PBXContainerItemProxy section */

/* Begin PBXCopyFilesBuildPhase section */
		FC70256C2F4E0A2000B933C2 /* Embed Watch Content */ = {
			isa = PBXCopyFilesBuildPhase;
			buildActionMask = 2147483647;
			dstPath = "$(CONTENTS_FOLDER_PATH)/Watch";
			dstSubfolderSpec = 16;
			files = (
				FC70255D2F4E0A1E00B933C2 /* FocusPulse Watch App.app in Embed Watch Content */,
			);
			name = "Embed Watch Content";
			runOnlyForDeploymentPostprocessing = 0;
		};
		FC7025A22F4E0D7300B933C2 /* Embed Foundation Extensions */ = {
			isa = PBXCopyFilesBuildPhase;
			buildActionMask = 2147483647;
			dstPath = "";
			dstSubfolderSpec = 13;
			files = (
				FC70259D2F4E0D7300B933C2 /* FocusPulseComplicationExtension.appex in Embed Foundation Extensions */,
			);
			name = "Embed Foundation Extensions";
			runOnlyForDeploymentPostprocessing = 0;
		};
/* End PBXCopyFilesBuildPhase section */

/* Begin PBXFileReference section */
		FC7025562F4E0A1E00B933C2 /* FocusPulse.app */ = {isa = PBXFileReference; explicitFileType = wrapper.application; includeInIndex = 0; path = FocusPulse.app; sourceTree = BUILT_PRODUCTS_DIR; };
		FC70255C2F4E0A1E00B933C2 /* FocusPulse Watch App.app */ = {isa = PBXFileReference; explicitFileType = wrapper.application; includeInIndex = 0; path = "FocusPulse Watch App.app"; sourceTree = BUILT_PRODUCTS_DIR; };
		FC7025892F4E0D7100B933C2 /* FocusPulseComplicationExtension.appex */ = {isa = PBXFileReference; explicitFileType = "wrapper.app-extension"; includeInIndex = 0; path = FocusPulseComplicationExtension.appex; sourceTree = BUILT_PRODUCTS_DIR; };
		FC70258B2F4E0D7100B933C2 /* WidgetKit.framework */ = {isa = PBXFileReference; lastKnownFileType = wrapper.framework; name = WidgetKit.framework; path = System/Library/Frameworks/WidgetKit.framework; sourceTree = SDKROOT; };
		FC70258D2F4E0D7100B933C2 /* SwiftUI.framework */ = {isa = PBXFileReference; lastKnownFileType = wrapper.framework; name = SwiftUI.framework; path = System/Library/Frameworks/SwiftUI.framework; sourceTree = SDKROOT; };
/* End PBXFileReference section */

/* Begin PBXFileSystemSynchronizedBuildFileExceptionSet section */
		FC70259E2F4E0D7300B933C2 /* Exceptions for "FocusPulseComplication" folder in "FocusPulseComplicationExtension" target */ = {
			isa = PBXFileSystemSynchronizedBuildFileExceptionSet;
			membershipExceptions = (
				Info.plist,
			);
			target = FC7025882F4E0D7100B933C2 /* FocusPulseComplicationExtension */;
		};
/* End PBXFileSystemSynchronizedBuildFileExceptionSet section */

/* Begin PBXFileSystemSynchronizedRootGroup section */
		FC7025602F4E0A1E00B933C2 /* FocusPulse Watch App */ = {
			isa = PBXFileSystemSynchronizedRootGroup;
			path = "FocusPulse Watch App";
			sourceTree = "<group>";
		};
		FC70258F2F4E0D7100B933C2 /* FocusPulseComplication */ = {
			isa = PBXFileSystemSynchronizedRootGroup;
			exceptions = (
				FC70259E2F4E0D7300B933C2 /* Exceptions for "FocusPulseComplication" folder in "FocusPulseComplicationExtension" target */,
			);
			path = FocusPulseComplication;
			sourceTree = "<group>";
		};
/* End PBXFileSystemSynchronizedRootGroup section */

/* Begin PBXFrameworksBuildPhase section */
		FC7025592F4E0A1E00B933C2 /* Frameworks */ = {
			isa = PBXFrameworksBuildPhase;
			buildActionMask = 2147483647;
			files = (
			);
			runOnlyForDeploymentPostprocessing = 0;
		};
		FC7025862F4E0D7100B933C2 /* Frameworks */ = {
			isa = PBXFrameworksBuildPhase;
			buildActionMask = 2147483647;
			files = (
				FC70258E2F4E0D7100B933C2 /* SwiftUI.framework in Frameworks */,
				FC70258C2F4E0D7100B933C2 /* WidgetKit.framework in Frameworks */,
			);
			runOnlyForDeploymentPostprocessing = 0;
		};
/* End PBXFrameworksBuildPhase section */

/* Begin PBXGroup section */
		FC70254F2F4E0A1E00B933C2 = {
			isa = PBXGroup;
			children = (
				FC7025602F4E0A1E00B933C2 /* FocusPulse Watch App */,
				FC70258F2F4E0D7100B933C2 /* FocusPulseComplication */,
				FC70258A2F4E0D7100B933C2 /* Frameworks */,
				FC7025572F4E0A1E00B933C2 /* Products */,
			);
			sourceTree = "<group>";
		};
		FC7025572F4E0A1E00B933C2 /* Products */ = {
			isa = PBXGroup;
			children = (
				FC7025562F4E0A1E00B933C2 /* FocusPulse.app */,
				FC70255C2F4E0A1E00B933C2 /* FocusPulse Watch App.app */,
				FC7025892F4E0D7100B933C2 /* FocusPulseComplicationExtension.appex */,
			);
			name = Products;
			sourceTree = "<group>";
		};
		FC70258A2F4E0D7100B933C2 /* Frameworks */ = {
			isa = PBXGroup;
			children = (
				FC70258B2F4E0D7100B933C2 /* WidgetKit.framework */,
				FC70258D2F4E0D7100B933C2 /* SwiftUI.framework */,
			);
			name = Frameworks;
			sourceTree = "<group>";
		};
/* End PBXGroup section */

/* Begin PBXNativeTarget section */
		FC7025552F4E0A1E00B933C2 /* FocusPulse */ = {
			isa = PBXNativeTarget;
			buildConfigurationList = FC70256D2F4E0A2000B933C2 /* Build configuration list for PBXNativeTarget "FocusPulse" */;
			buildPhases = (
				FC7025542F4E0A1E00B933C2 /* Resources */,
				FC70256C2F4E0A2000B933C2 /* Embed Watch Content */,
			);
			buildRules = (
			);
			dependencies = (
				FC70255F2F4E0A1E00B933C2 /* PBXTargetDependency */,
			);
			name = FocusPulse;
			packageProductDependencies = (
			);
			productName = FocusPulse;
			productReference = FC7025562F4E0A1E00B933C2 /* FocusPulse.app */;
			productType = "com.apple.product-type.application.watchapp2-container";
		};
		FC70255B2F4E0A1E00B933C2 /* FocusPulse Watch App */ = {
			isa = PBXNativeTarget;
			buildConfigurationList = FC7025692F4E0A2000B933C2 /* Build configuration list for PBXNativeTarget "FocusPulse Watch App" */;
			buildPhases = (
				FC7025582F4E0A1E00B933C2 /* Sources */,
				FC7025592F4E0A1E00B933C2 /* Frameworks */,
				FC70255A2F4E0A1E00B933C2 /* Resources */,
				FC7025A22F4E0D7300B933C2 /* Embed Foundation Extensions */,
			);
			buildRules = (
			);
			dependencies = (
				FC70259C2F4E0D7300B933C2 /* PBXTargetDependency */,
			);
			fileSystemSynchronizedGroups = (
				FC7025602F4E0A1E00B933C2 /* FocusPulse Watch App */,
			);
			name = "FocusPulse Watch App";
			packageProductDependencies = (
			);
			productName = "FocusPulse Watch App";
			productReference = FC70255C2F4E0A1E00B933C2 /* FocusPulse Watch App.app */;
			productType = "com.apple.product-type.application";
		};
		FC7025882F4E0D7100B933C2 /* FocusPulseComplicationExtension */ = {
			isa = PBXNativeTarget;
			buildConfigurationList = FC70259F2F4E0D7300B933C2 /* Build configuration list for PBXNativeTarget "FocusPulseComplicationExtension" */;
			buildPhases = (
				FC7025852F4E0D7100B933C2 /* Sources */,
				FC7025862F4E0D7100B933C2 /* Frameworks */,
				FC7025872F4E0D7100B933C2 /* Resources */,
			);
			buildRules = (
			);
			dependencies = (
			);
			fileSystemSynchronizedGroups = (
				FC70258F2F4E0D7100B933C2 /* FocusPulseComplication */,
			);
			name = FocusPulseComplicationExtension;
			packageProductDependencies = (
			);
			productName = FocusPulseComplicationExtension;
			productReference = FC7025892F4E0D7100B933C2 /* FocusPulseComplicationExtension.appex */;
			productType = "com.apple.product-type.app-extension";
		};
/* End PBXNativeTarget section */

/* Begin PBXProject section */
		FC7025502F4E0A1E00B933C2 /* Project object */ = {
			isa = PBXProject;
			attributes = {
				BuildIndependentTargetsInParallel = 1;
				LastSwiftUpdateCheck = 2600;
				LastUpgradeCheck = 2600;
				TargetAttributes = {
					FC7025552F4E0A1E00B933C2 = {
						CreatedOnToolsVersion = 26.0.1;
					};
					FC70255B2F4E0A1E00B933C2 = {
						CreatedOnToolsVersion = 26.0.1;
					};
					FC7025882F4E0D7100B933C2 = {
						CreatedOnToolsVersion = 26.0.1;
					};
				};
			};
			buildConfigurationList = FC7025532F4E0A1E00B933C2 /* Build configuration list for PBXProject "FocusPulse" */;
			developmentRegion = en;
			hasScannedForEncodings = 0;
			knownRegions = (
				en,
				Base,
			);
			mainGroup = FC70254F2F4E0A1E00B933C2;
			minimizedProjectReferenceProxies = 1;
			preferredProjectObjectVersion = 77;
			productRefGroup = FC7025572F4E0A1E00B933C2 /* Products */;
			projectDirPath = "";
			projectRoot = "";
			targets = (
				FC7025552F4E0A1E00B933C2 /* FocusPulse */,
				FC70255B2F4E0A1E00B933C2 /* FocusPulse Watch App */,
				FC7025882F4E0D7100B933C2 /* FocusPulseComplicationExtension */,
			);
		};
/* End PBXProject section */

/* Begin PBXResourcesBuildPhase section */
		FC7025542F4E0A1E00B933C2 /* Resources */ = {
			isa = PBXResourcesBuildPhase;
			buildActionMask = 2147483647;
			files = (
			);
			runOnlyForDeploymentPostprocessing = 0;
		};
		FC70255A2F4E0A1E00B933C2 /* Resources */ = {
			isa = PBXResourcesBuildPhase;
			buildActionMask = 2147483647;
			files = (
			);
			runOnlyForDeploymentPostprocessing = 0;
		};
		FC7025872F4E0D7100B933C2 /* Resources */ = {
			isa = PBXResourcesBuildPhase;
			buildActionMask = 2147483647;
			files = (
			);
			runOnlyForDeploymentPostprocessing = 0;
		};
/* End PBXResourcesBuildPhase section */

/* Begin PBXSourcesBuildPhase section */
		FC7025582F4E0A1E00B933C2 /* Sources */ = {
			isa = PBXSourcesBuildPhase;
			buildActionMask = 2147483647;
			files = (
			);
			runOnlyForDeploymentPostprocessing = 0;
		};
		FC7025852F4E0D7100B933C2 /* Sources */ = {
			isa = PBXSourcesBuildPhase;
			buildActionMask = 2147483647;
			files = (
			);
			runOnlyForDeploymentPostprocessing = 0;
		};
/* End PBXSourcesBuildPhase section */

/* Begin PBXTargetDependency section */
		FC70255F2F4E0A1E00B933C2 /* PBXTargetDependency */ = {
			isa = PBXTargetDependency;
			target = FC70255B2F4E0A1E00B933C2 /* FocusPulse Watch App */;
			targetProxy = FC70255E2F4E0A1E00B933C2 /* PBXContainerItemProxy */;
		};
		FC70259C2F4E0D7300B933C2 /* PBXTargetDependency */ = {
			isa = PBXTargetDependency;
			target = FC7025882F4E0D7100B933C2 /* FocusPulseComplicationExtension */;
			targetProxy = FC70259B2F4E0D7300B933C2 /* PBXContainerItemProxy */;
		};
/* End PBXTargetDependency section */

/* Begin XCBuildConfiguration section */
		FC7025672F4E0A2000B933C2 /* Debug */ = {
			isa = XCBuildConfiguration;
			buildSettings = {
				ALWAYS_SEARCH_USER_PATHS = NO;
				ASSETCATALOG_COMPILER_GENERATE_SWIFT_ASSET_SYMBOL_EXTENSIONS = YES;
				CLANG_ANALYZER_NONNULL = YES;
				CLANG_ANALYZER_NUMBER_OBJECT_CONVERSION = YES_AGGRESSIVE;
				CLANG_CXX_LANGUAGE_STANDARD = "gnu++20";
				CLANG_ENABLE_MODULES = YES;
				CLANG_ENABLE_OBJC_ARC = YES;
				CLANG_ENABLE_OBJC_WEAK = YES;
				CLANG_WARN_BLOCK_CAPTURE_AUTORELEASING = YES;
				CLANG_WARN_BOOL_CONVERSION = YES;
				CLANG_WARN_COMMA = YES;
				CLANG_WARN_CONSTANT_CONVERSION = YES;
				CLANG_WARN_DEPRECATED_OBJC_IMPLEMENTATIONS = YES;
				CLANG_WARN_DIRECT_OBJC_ISA_USAGE = YES_ERROR;
				CLANG_WARN_DOCUMENTATION_COMMENTS = YES;
				CLANG_WARN_EMPTY_BODY = YES;
				CLANG_WARN_ENUM_CONVERSION = YES;
				CLANG_WARN_INFINITE_RECURSION = YES;
				CLANG_WARN_INT_CONVERSION = YES;
				CLANG_WARN_NON_LITERAL_NULL_CONVERSION = YES;
				CLANG_WARN_OBJC_IMPLICIT_RETAIN_SELF = YES;
				CLANG_WARN_OBJC_LITERAL_CONVERSION = YES;
				CLANG_WARN_OBJC_ROOT_CLASS = YES_ERROR;
				CLANG_WARN_QUOTED_INCLUDE_IN_FRAMEWORK_HEADER = YES;
				CLANG_WARN_RANGE_LOOP_ANALYSIS = YES;
				CLANG_WARN_STRICT_PROTOTYPES = YES;
				CLANG_WARN_SUSPICIOUS_MOVE = YES;
				CLANG_WARN_UNGUARDED_AVAILABILITY = YES_AGGRESSIVE;
				CLANG_WARN_UNREACHABLE_CODE = YES;
				CLANG_WARN__DUPLICATE_METHOD_MATCH = YES;
				COPY_PHASE_STRIP = NO;
				DEBUG_INFORMATION_FORMAT = dwarf;
				ENABLE_STRICT_OBJC_MSGSEND = YES;
				ENABLE_TESTABILITY = YES;
				ENABLE_USER_SCRIPT_SANDBOXING = YES;
				GCC_C_LANGUAGE_STANDARD = gnu17;
				GCC_DYNAMIC_NO_PIC = NO;
				GCC_NO_COMMON_BLOCKS = YES;
				GCC_OPTIMIZATION_LEVEL = 0;
				GCC_PREPROCESSOR_DEFINITIONS = (
					"DEBUG=1",
					"$(inherited)",
				);
				GCC_WARN_64_TO_32_BIT_CONVERSION = YES;
				GCC_WARN_ABOUT_RETURN_TYPE = YES_ERROR;
				GCC_WARN_UNDECLARED_SELECTOR = YES;
				GCC_WARN_UNINITIALIZED_AUTOS = YES_AGGRESSIVE;
				GCC_WARN_UNUSED_FUNCTION = YES;
				GCC_WARN_UNUSED_VARIABLE = YES;
				LOCALIZATION_PREFERS_STRING_CATALOGS = YES;
				MTL_ENABLE_DEBUG_INFO = INCLUDE_SOURCE;
				MTL_FAST_MATH = YES;
				ONLY_ACTIVE_ARCH = YES;
				SWIFT_ACTIVE_COMPILATION_CONDITIONS = "DEBUG $(inherited)";
				SWIFT_OPTIMIZATION_LEVEL = "-Onone";
			};
			name = Debug;
		};
		FC7025682F4E0A2000B933C2 /* Release */ = {
			isa = XCBuildConfiguration;
			buildSettings = {
				ALWAYS_SEARCH_USER_PATHS = NO;
				ASSETCATALOG_COMPILER_GENERATE_SWIFT_ASSET_SYMBOL_EXTENSIONS = YES;
				CLANG_ANALYZER_NONNULL = YES;
				CLANG_ANALYZER_NUMBER_OBJECT_CONVERSION = YES_AGGRESSIVE;
				CLANG_CXX_LANGUAGE_STANDARD = "gnu++20";
				CLANG_ENABLE_MODULES = YES;
				CLANG_ENABLE_OBJC_ARC = YES;
				CLANG_ENABLE_OBJC_WEAK = YES;
				CLANG_WARN_BLOCK_CAPTURE_AUTORELEASING = YES;
				CLANG_WARN_BOOL_CONVERSION = YES;
				CLANG_WARN_COMMA = YES;
				CLANG_WARN_CONSTANT_CONVERSION = YES;
				CLANG_WARN_DEPRECATED_OBJC_IMPLEMENTATIONS = YES;
				CLANG_WARN_DIRECT_OBJC_ISA_USAGE = YES_ERROR;
				CLANG_WARN_DOCUMENTATION_COMMENTS = YES;
				CLANG_WARN_EMPTY_BODY = YES;
				CLANG_WARN_ENUM_CONVERSION = YES;
				CLANG_WARN_INFINITE_RECURSION = YES;
				CLANG_WARN_INT_CONVERSION = YES;
				CLANG_WARN_NON_LITERAL_NULL_CONVERSION = YES;
				CLANG_WARN_OBJC_IMPLICIT_RETAIN_SELF = YES;
				CLANG_WARN_OBJC_LITERAL_CONVERSION = YES;
				CLANG_WARN_OBJC_ROOT_CLASS = YES_ERROR;
				CLANG_WARN_QUOTED_INCLUDE_IN_FRAMEWORK_HEADER = YES;
				CLANG_WARN_RANGE_LOOP_ANALYSIS = YES;
				CLANG_WARN_STRICT_PROTOTYPES = YES;
				CLANG_WARN_SUSPICIOUS_MOVE = YES;
				CLANG_WARN_UNGUARDED_AVAILABILITY = YES_AGGRESSIVE;
				CLANG_WARN_UNREACHABLE_CODE = YES;
				CLANG_WARN__DUPLICATE_METHOD_MATCH = YES;
				COPY_PHASE_STRIP = NO;
				DEBUG_INFORMATION_FORMAT = "dwarf-with-dsym";
				ENABLE_NS_ASSERTIONS = NO;
				ENABLE_STRICT_OBJC_MSGSEND = YES;
				ENABLE_USER_SCRIPT_SANDBOXING = YES;
				GCC_C_LANGUAGE_STANDARD = gnu17;
				GCC_NO_COMMON_BLOCKS = YES;
				GCC_WARN_64_TO_32_BIT_CONVERSION = YES;
				GCC_WARN_ABOUT_RETURN_TYPE = YES_ERROR;
				GCC_WARN_UNDECLARED_SELECTOR = YES;
				GCC_WARN_UNINITIALIZED_AUTOS = YES_AGGRESSIVE;
				GCC_WARN_UNUSED_FUNCTION = YES;
				GCC_WARN_UNUSED_VARIABLE = YES;
				LOCALIZATION_PREFERS_STRING_CATALOGS = YES;
				MTL_ENABLE_DEBUG_INFO = NO;
				MTL_FAST_MATH = YES;
				SWIFT_COMPILATION_MODE = wholemodule;
			};
			name = Release;
		};
		FC70256A2F4E0A2000B933C2 /* Debug */ = {
			isa = XCBuildConfiguration;
			buildSettings = {
				ASSETCATALOG_COMPILER_APPICON_NAME = AppIcon;
				ASSETCATALOG_COMPILER_GLOBAL_ACCENT_COLOR_NAME = AccentColor;
				CODE_SIGN_STYLE = Automatic;
				CURRENT_PROJECT_VERSION = 1;
				ENABLE_PREVIEWS = YES;
				GENERATE_INFOPLIST_FILE = YES;
				INFOPLIST_KEY_CFBundleDisplayName = FocusPulse;
				INFOPLIST_KEY_UISupportedInterfaceOrientations = "UIInterfaceOrientationPortrait UIInterfaceOrientationPortraitUpsideDown";
				INFOPLIST_KEY_WKWatchOnly = YES;
				LD_RUNPATH_SEARCH_PATHS = (
					"$(inherited)",
					"@executable_path/Frameworks",
				);
				MARKETING_VERSION = 1.0;
				PRODUCT_BUNDLE_IDENTIFIER = "conestoga-college.FocusPulse.watchkitapp";
				PRODUCT_NAME = "$(TARGET_NAME)";
				SDKROOT = watchos;
				SKIP_INSTALL = YES;
				STRING_CATALOG_GENERATE_SYMBOLS = YES;
				SWIFT_APPROACHABLE_CONCURRENCY = YES;
				SWIFT_DEFAULT_ACTOR_ISOLATION = MainActor;
				SWIFT_EMIT_LOC_STRINGS = YES;
				SWIFT_UPCOMING_FEATURE_MEMBER_IMPORT_VISIBILITY = YES;
				SWIFT_VERSION = 5.0;
				TARGETED_DEVICE_FAMILY = 4;
				WATCHOS_DEPLOYMENT_TARGET = 26.0;
			};
			name = Debug;
		};
		FC70256B2F4E0A2000B933C2 /* Release */ = {
			isa = XCBuildConfiguration;
			buildSettings = {
				ASSETCATALOG_COMPILER_APPICON_NAME = AppIcon;
				ASSETCATALOG_COMPILER_GLOBAL_ACCENT_COLOR_NAME = AccentColor;
				CODE_SIGN_STYLE = Automatic;
				CURRENT_PROJECT_VERSION = 1;
				ENABLE_PREVIEWS = YES;
				GENERATE_INFOPLIST_FILE = YES;
				INFOPLIST_KEY_CFBundleDisplayName = FocusPulse;
				INFOPLIST_KEY_UISupportedInterfaceOrientations = "UIInterfaceOrientationPortrait UIInterfaceOrientationPortraitUpsideDown";
				INFOPLIST_KEY_WKWatchOnly = YES;
				LD_RUNPATH_SEARCH_PATHS = (
					"$(inherited)",
					"@executable_path/Frameworks",
				);
				MARKETING_VERSION = 1.0;
				PRODUCT_BUNDLE_IDENTIFIER = "conestoga-college.FocusPulse.watchkitapp";
				PRODUCT_NAME = "$(TARGET_NAME)";
				SDKROOT = watchos;
				SKIP_INSTALL = YES;
				STRING_CATALOG_GENERATE_SYMBOLS = YES;
				SWIFT_APPROACHABLE_CONCURRENCY = YES;
				SWIFT_DEFAULT_ACTOR_ISOLATION = MainActor;
				SWIFT_EMIT_LOC_STRINGS = YES;
				SWIFT_UPCOMING_FEATURE_MEMBER_IMPORT_VISIBILITY = YES;
				SWIFT_VERSION = 5.0;
				TARGETED_DEVICE_FAMILY = 4;
				VALIDATE_PRODUCT = YES;
				WATCHOS_DEPLOYMENT_TARGET = 26.0;
			};
			name = Release;
		};
		FC70256E2F4E0A2000B933C2 /* Debug */ = {
			isa = XCBuildConfiguration;
			buildSettings = {
				CODE_SIGN_STYLE = Automatic;
				CURRENT_PROJECT_VERSION = 1;
				INFOPLIST_KEY_CFBundleDisplayName = FocusPulse;
				MARKETING_VERSION = 1.0;
				PRODUCT_BUNDLE_IDENTIFIER = "conestoga-college.FocusPulse";
				PRODUCT_NAME = "$(TARGET_NAME)";
				SDKROOT = iphoneos;
				SWIFT_APPROACHABLE_CONCURRENCY = YES;
				SWIFT_UPCOMING_FEATURE_MEMBER_IMPORT_VISIBILITY = YES;
				SWIFT_VERSION = 5.0;
			};
			name = Debug;
		};
		FC70256F2F4E0A2000B933C2 /* Release */ = {
			isa = XCBuildConfiguration;
			buildSettings = {
				CODE_SIGN_STYLE = Automatic;
				CURRENT_PROJECT_VERSION = 1;
				INFOPLIST_KEY_CFBundleDisplayName = FocusPulse;
				MARKETING_VERSION = 1.0;
				PRODUCT_BUNDLE_IDENTIFIER = "conestoga-college.FocusPulse";
				PRODUCT_NAME = "$(TARGET_NAME)";
				SDKROOT = iphoneos;
				SWIFT_APPROACHABLE_CONCURRENCY = YES;
				SWIFT_UPCOMING_FEATURE_MEMBER_IMPORT_VISIBILITY = YES;
				SWIFT_VERSION = 5.0;
				VALIDATE_PRODUCT = YES;
			};
			name = Release;
		};
		FC7025A02F4E0D7300B933C2 /* Debug */ = {
			isa = XCBuildConfiguration;
			buildSettings = {
				ASSETCATALOG_COMPILER_GLOBAL_ACCENT_COLOR_NAME = AccentColor;
				ASSETCATALOG_COMPILER_WIDGET_BACKGROUND_COLOR_NAME = WidgetBackground;
				CODE_SIGN_STYLE = Automatic;
				CURRENT_PROJECT_VERSION = 1;
				GENERATE_INFOPLIST_FILE = YES;
				INFOPLIST_FILE = FocusPulseComplication/Info.plist;
				INFOPLIST_KEY_CFBundleDisplayName = FocusPulseComplication;
				INFOPLIST_KEY_NSHumanReadableCopyright = "";
				LD_RUNPATH_SEARCH_PATHS = (
					"$(inherited)",
					"@executable_path/Frameworks",
					"@executable_path/../../Frameworks",
					"@executable_path/../../../../Frameworks",
				);
				MARKETING_VERSION = 1.0;
				PRODUCT_BUNDLE_IDENTIFIER = "conestoga-college.FocusPulse.watchkitapp.FocusPulseComplication";
				PRODUCT_NAME = "$(TARGET_NAME)";
				SDKROOT = watchos;
				SKIP_INSTALL = YES;
				STRING_CATALOG_GENERATE_SYMBOLS = YES;
				SWIFT_APPROACHABLE_CONCURRENCY = YES;
				SWIFT_EMIT_LOC_STRINGS = YES;
				SWIFT_UPCOMING_FEATURE_MEMBER_IMPORT_VISIBILITY = YES;
				SWIFT_VERSION = 5.0;
				TARGETED_DEVICE_FAMILY = 4;
				WATCHOS_DEPLOYMENT_TARGET = 26.0;
			};
			name = Debug;
		};
		FC7025A12F4E0D7300B933C2 /* Release */ = {
			isa = XCBuildConfiguration;
			buildSettings = {
				ASSETCATALOG_COMPILER_GLOBAL_ACCENT_COLOR_NAME = AccentColor;
				ASSETCATALOG_COMPILER_WIDGET_BACKGROUND_COLOR_NAME = WidgetBackground;
				CODE_SIGN_STYLE = Automatic;
				CURRENT_PROJECT_VERSION = 1;
				GENERATE_INFOPLIST_FILE = YES;
				INFOPLIST_FILE = FocusPulseComplication/Info.plist;
				INFOPLIST_KEY_CFBundleDisplayName = FocusPulseComplication;
				INFOPLIST_KEY_NSHumanReadableCopyright = "";
				LD_RUNPATH_SEARCH_PATHS = (
					"$(inherited)",
					"@executable_path/Frameworks",
					"@executable_path/../../Frameworks",
					"@executable_path/../../../../Frameworks",
				);
				MARKETING_VERSION = 1.0;
				PRODUCT_BUNDLE_IDENTIFIER = "conestoga-college.FocusPulse.watchkitapp.FocusPulseComplication";
				PRODUCT_NAME = "$(TARGET_NAME)";
				SDKROOT = watchos;
				SKIP_INSTALL = YES;
				STRING_CATALOG_GENERATE_SYMBOLS = YES;
				SWIFT_APPROACHABLE_CONCURRENCY = YES;
				SWIFT_EMIT_LOC_STRINGS = YES;
				SWIFT_UPCOMING_FEATURE_MEMBER_IMPORT_VISIBILITY = YES;
				SWIFT_VERSION = 5.0;
				TARGETED_DEVICE_FAMILY = 4;
				VALIDATE_PRODUCT = YES;
				WATCHOS_DEPLOYMENT_TARGET = 26.0;
			};
			name = Release;
		};
/* End XCBuildConfiguration section */

/* Begin XCConfigurationList section */
		FC7025532F4E0A1E00B933C2 /* Build configuration list for PBXProject "FocusPulse" */ = {
			isa = XCConfigurationList;
			buildConfigurations = (
				FC7025672F4E0A2000B933C2 /* Debug */,
				FC7025682F4E0A2000B933C2 /* Release */,
			);
			defaultConfigurationIsVisible = 0;
			defaultConfigurationName = Release;
		};
		FC7025692F4E0A2000B933C2 /* Build configuration list for PBXNativeTarget "FocusPulse Watch App" */ = {
			isa = XCConfigurationList;
			buildConfigurations = (
				FC70256A2F4E0A2000B933C2 /* Debug */,
				FC70256B2F4E0A2000B933C2 /* Release */,
			);
			defaultConfigurationIsVisible = 0;
			defaultConfigurationName = Release;
		};
		FC70256D2F4E0A2000B933C2 /* Build configuration list for PBXNativeTarget "FocusPulse" */ = {
			isa = XCConfigurationList;
			buildConfigurations = (
				FC70256E2F4E0A2000B933C2 /* Debug */,
				FC70256F2F4E0A2000B933C2 /* Release */,
			);
			defaultConfigurationIsVisible = 0;
			defaultConfigurationName = Release;
		};
		FC70259F2F4E0D7300B933C2 /* Build configuration list for PBXNativeTarget "FocusPulseComplicationExtension" */ = {
			isa = XCConfigurationList;
			buildConfigurations = (
				FC7025A02F4E0D7300B933C2 /* Debug */,
				FC7025A12F4E0D7300B933C2 /* Release */,
			);
			defaultConfigurationIsVisible = 0;
			defaultConfigurationName = Release;
		};
/* End XCConfigurationList section */
	};
	rootObject = FC7025502F4E0A1E00B933C2 /* Project object */;
}
